
Microsoft Visual Studio Solution File, Format Version 12.00
# Visual Studio 15
VisualStudioVersion = 15.0.27428.2002
MinimumVisualStudioVersion = 10.0.40219.1
Project("{FAE04EC0-301F-11D3-BF4B-00C04F79EFBC}") = "HavingFunWithInstagramApi", "HavingFunWithInstagramApi\HavingFunWithInstagramApi.csproj", "{FFBAA082-E060-4ABC-B839-8CAE893FBDF0}"
EndProject
Project("{FAE04EC0-301F-11D3-BF4B-00C04F79EFBC}") = "Instagram", "Instagram\Instagram.csproj", "{D4A32AE3-BB09-4F53-894C-FB71E1408CE6}"
EndProject
Global
	GlobalSection(SolutionConfigurationPlatforms) = preSolution
		Debug|Any CPU = Debug|Any CPU
		Release|Any CPU = Release|Any CPU
	EndGlobalSection
	GlobalSection(ProjectConfigurationPlatforms) = postSolution
		{FFBAA082-E060-4ABC-B839-8CAE893FBDF0}.Debug|Any CPU.ActiveCfg = Debug|Any CPU
		{FFBAA082-E060-4ABC-B839-8CAE893FBDF0}.Debug|Any CPU.Build.0 = Debug|Any CPU
		{FFBAA082-E060-4ABC-B839-8CAE893FBDF0}.Release|Any CPU.ActiveCfg = Release|Any CPU
		{FFBAA082-E060-4ABC-B839-8CAE893FBDF0}.Release|Any CPU.Build.0 = Release|Any CPU
		{D4A32AE3-BB09-4F53-894C-FB71E1408CE6}.Debug|Any CPU.ActiveCfg = Debug|Any CPU
		{D4A32AE3-BB09-4F53-894C-FB71E1408CE6}.Debug|Any CPU.Build.0 = Debug|Any CPU
		{D4A32AE3-BB09-4F53-894C-FB71E1408CE6}.Release|Any CPU.ActiveCfg = Release|Any CPU
		{D4A32AE3-BB09-4F53-894C-FB71E1408CE6}.Release|Any CPU.Build.0 = Release|Any CPU
	EndGlobalSection
	GlobalSection(SolutionProperties) = preSolution
		HideSolutionNode = FALSE
	EndGlobalSection
	GlobalSection(ExtensibilityGlobals) = postSolution
		SolutionGuid = {56FDA99B-7388-4188-AB33-A05B12C9BA69}
	EndGlobalSection
EndGlobal
